PODS:
  - Cash (1.0.0):
    - DesignSystem
    - DI
    - OverlayContainer
    - Service
    - Swinject
    - YZBarChart
    - YZNumPad
  - DesignSystem (1.0.0):
    - OverlayContainer
  - DI (1.0.0):
    - Swinject
  - Firebase/Analytics (9.4.0):
    - Firebase/Core
  - Firebase/Core (9.4.0):
    - Firebase/CoreOnly
    - FirebaseAnalytics (~> 9.4.0)
  - Firebase/CoreOnly (9.4.0):
    - FirebaseCore (= 9.4.0)
  - Firebase/Crashlytics (9.4.0):
    - Firebase/CoreOnly
    - FirebaseCrashlytics (~> 9.4.0)
  - FirebaseAnalytics (9.4.0):
    - FirebaseAnalytics/AdIdSupport (= 9.4.0)
    - FirebaseCore (~> 9.0)
    - FirebaseInstallations (~> 9.0)
    - GoogleUtilities/AppDelegateSwizzler (~> 7.7)
    - GoogleUtilities/MethodSwizzler (~> 7.7)
    - GoogleUtilities/Network (~> 7.7)
    - "GoogleUtilities/NSData+zlib (~> 7.7)"
    - nanopb (< 2.30910.0, >= 2.30908.0)
  - FirebaseAnalytics/AdIdSupport (9.4.0):
    - FirebaseCore (~> 9.0)
    - FirebaseInstallations (~> 9.0)
    - GoogleAppMeasurement (= 9.4.0)
    - GoogleUtilities/AppDelegateSwizzler (~> 7.7)
    - GoogleUtilities/MethodSwizzler (~> 7.7)
    - GoogleUtilities/Network (~> 7.7)
    - "GoogleUtilities/NSData+zlib (~> 7.7)"
    - nanopb (< 2.30910.0, >= 2.30908.0)
  - FirebaseCore (9.4.0):
    - FirebaseCoreDiagnostics (~> 9.0)
    - FirebaseCoreInternal (~> 9.0)
    - GoogleUtilities/Environment (~> 7.7)
    - GoogleUtilities/Logger (~> 7.7)
  - FirebaseCoreDiagnostics (9.4.0):
    - GoogleDataTransport (< 10.0.0, >= 9.1.4)
    - GoogleUtilities/Environment (~> 7.7)
    - GoogleUtilities/Logger (~> 7.7)
    - nanopb (< 2.30910.0, >= 2.30908.0)
  - FirebaseCoreInternal (9.4.0):
    - "GoogleUtilities/NSData+zlib (~> 7.7)"
  - FirebaseCrashlytics (9.4.0):
    - FirebaseCore (~> 9.0)
    - FirebaseInstallations (~> 9.0)
    - GoogleDataTransport (< 10.0.0, >= 9.1.4)
    - GoogleUtilities/Environment (~> 7.7)
    - nanopb (< 2.30910.0, >= 2.30908.0)
    - PromisesObjC (~> 2.1)
  - FirebaseInstallations (9.4.0):
    - FirebaseCore (~> 9.0)
    - GoogleUtilities/Environment (~> 7.7)
    - GoogleUtilities/UserDefaults (~> 7.7)
    - PromisesObjC (~> 2.1)
  - GoogleAppMeasurement (9.4.0):
    - GoogleAppMeasurement/AdIdSupport (= 9.4.0)
    - GoogleUtilities/AppDelegateSwizzler (~> 7.7)
    - GoogleUtilities/MethodSwizzler (~> 7.7)
    - GoogleUtilities/Network (~> 7.7)
    - "GoogleUtilities/NSData+zlib (~> 7.7)"
    - nanopb (< 2.30910.0, >= 2.30908.0)
  - GoogleAppMeasurement/AdIdSupport (9.4.0):
    - GoogleAppMeasurement/WithoutAdIdSupport (= 9.4.0)
    - GoogleUtilities/AppDelegateSwizzler (~> 7.7)
    - GoogleUtilities/MethodSwizzler (~> 7.7)
    - GoogleUtilities/Network (~> 7.7)
    - "GoogleUtilities/NSData+zlib (~> 7.7)"
    - nanopb (< 2.30910.0, >= 2.30908.0)
  - GoogleAppMeasurement/WithoutAdIdSupport (9.4.0):
    - GoogleUtilities/AppDelegateSwizzler (~> 7.7)
    - GoogleUtilities/MethodSwizzler (~> 7.7)
    - GoogleUtilities/Network (~> 7.7)
    - "GoogleUtilities/NSData+zlib (~> 7.7)"
    - nanopb (< 2.30910.0, >= 2.30908.0)
  - GoogleDataTransport (9.2.0):
    - GoogleUtilities/Environment (~> 7.7)
    - nanopb (< 2.30910.0, >= 2.30908.0)
    - PromisesObjC (< 3.0, >= 1.2)
  - GoogleUtilities/AppDelegateSwizzler (7.7.0):
    - GoogleUtilities/Environment
    - GoogleUtilities/Logger
    - GoogleUtilities/Network
  - GoogleUtilities/Environment (7.7.0):
    - PromisesObjC (< 3.0, >= 1.2)
  - GoogleUtilities/Logger (7.7.0):
    - GoogleUtilities/Environment
  - GoogleUtilities/MethodSwizzler (7.7.0):
    - GoogleUtilities/Logger
  - GoogleUtilities/Network (7.7.0):
    - GoogleUtilities/Logger
    - "GoogleUtilities/NSData+zlib"
    - GoogleUtilities/Reachability
  - "GoogleUtilities/NSData+zlib (7.7.0)"
  - GoogleUtilities/Reachability (7.7.0):
    - GoogleUtilities/Logger
  - GoogleUtilities/UserDefaults (7.7.0):
    - GoogleUtilities/Logger
  - nanopb (2.30909.0):
    - nanopb/decode (= 2.30909.0)
    - nanopb/encode (= 2.30909.0)
  - nanopb/decode (2.30909.0)
  - nanopb/encode (2.30909.0)
  - OverlayContainer (3.5.2)
  - PromisesObjC (2.1.1)
  - Service (1.0.0)
  - Swinject (2.8.1)
  - TabBar (1.0.0):
    - Cash
    - DesignSystem
    - Swinject
  - YZBarChart (1.2.0)
  - YZNotificationView (1.1.0)
  - YZNumPad (1.1.0)
  - YZPinCodeViewController (1.1.0)

DEPENDENCIES:
  - Cash (from `LocalPods/UserStory/Cash`)
  - DesignSystem (from `LocalPods/DesignSystem`)
  - DI (from `LocalPods/DI`)
  - Firebase/Analytics
  - Firebase/Crashlytics
  - OverlayContainer
  - Service (from `LocalPods/Service`)
  - Swinject
  - TabBar (from `LocalPods/UserStory/TabBar`)
  - YZBarChart (from `https://github.com/YarZav/YZBarChart.git`, tag `1.2.0`)
  - YZNotificationView (from `https://github.com/YarZav/YZNotificationView.git`, tag `1.1.0`)
  - YZNumPad (from `https://github.com/YarZav/YZNumPad.git`, tag `1.1.0`)
  - YZPinCodeViewController (from `https://github.com/YarZav/YZPinCodeViewController.git`, tag `1.1.0`)

SPEC REPOS:
  trunk:
    - Firebase
    - FirebaseAnalytics
    - FirebaseCore
    - FirebaseCoreDiagnostics
    - FirebaseCoreInternal
    - FirebaseCrashlytics
    - FirebaseInstallations
    - GoogleAppMeasurement
    - GoogleDataTransport
    - GoogleUtilities
    - nanopb
    - OverlayContainer
    - PromisesObjC
    - Swinject

EXTERNAL SOURCES:
  Cash:
    :path: LocalPods/UserStory/Cash
  DesignSystem:
    :path: LocalPods/DesignSystem
  DI:
    :path: LocalPods/DI
  Service:
    :path: LocalPods/Service
  TabBar:
    :path: LocalPods/UserStory/TabBar
  YZBarChart:
    :git: https://github.com/YarZav/YZBarChart.git
    :tag: 1.2.0
  YZNotificationView:
    :git: https://github.com/YarZav/YZNotificationView.git
    :tag: 1.1.0
  YZNumPad:
    :git: https://github.com/YarZav/YZNumPad.git
    :tag: 1.1.0
  YZPinCodeViewController:
    :git: https://github.com/YarZav/YZPinCodeViewController.git
    :tag: 1.1.0

CHECKOUT OPTIONS:
  YZBarChart:
    :git: https://github.com/YarZav/YZBarChart.git
    :tag: 1.2.0
  YZNotificationView:
    :git: https://github.com/YarZav/YZNotificationView.git
    :tag: 1.1.0
  YZNumPad:
    :git: https://github.com/YarZav/YZNumPad.git
    :tag: 1.1.0
  YZPinCodeViewController:
    :git: https://github.com/YarZav/YZPinCodeViewController.git
    :tag: 1.1.0

SPEC CHECKSUMS:
  Cash: ed023f5eaac25fa602b7f9c7b3856dc2e8133bdd
  DesignSystem: d41db51ffe352e7af01d0afc40710c5883954a31
  DI: 8d4558cf222a6b20ad82e6b3374d0e8a2f0dd9ee
  Firebase: 7703fc4022824b6d6db1bf7bea58d13b8e17ec46
  FirebaseAnalytics: a1a24e72b7ba7f47045a4633f1abb545c07bd29c
  FirebaseCore: 9a2b10270a854731c4d4d8a97d0aa8380ec3458d
  FirebaseCoreDiagnostics: aaa87098082c4d4bdd1a9557b1186d18ca85ce8c
  FirebaseCoreInternal: a13302b0088fbf5f38b79b6ece49c2af7d3e05d6
  FirebaseCrashlytics: 121ea1d37f4906c94c4c9307297af5121b98b789
  FirebaseInstallations: 61db1054e688d2bdc4e2b3f744c1b086e913b742
  GoogleAppMeasurement: 5d69e04287fc2c10cc43724bfa4bf31fc12c3dff
  GoogleDataTransport: 1c8145da7117bd68bbbed00cf304edb6a24de00f
  GoogleUtilities: e0913149f6b0625b553d70dae12b49fc62914fd1
  nanopb: b552cce312b6c8484180ef47159bc0f65a1f0431
  OverlayContainer: 6b2727437ee7d76dc22b00d0275a94c9191f962a
  PromisesObjC: ab77feca74fa2823e7af4249b8326368e61014cb
  Service: 290c0a4af7252d5eb4c5ce7e5f168af23ccf20ef
  Swinject: 97112918bd7e0785dc2df7036213f3c8cbba6586
  TabBar: 051c6bb22c749f803130bc2c723f97d5582e6457
  YZBarChart: e69f02d6778dd0dcfb28defb41d418975b2a1e0a
  YZNotificationView: 9a2985a1338641d6f5a60c794dde7d45f3b8090f
  YZNumPad: bfb34718997db4e0c3ef384755013fe4dee37d40
  YZPinCodeViewController: 46cab35c882bf0edb3dfc8b196f9dd9c559e10e6

PODFILE CHECKSUM: c3cb1fa34b885c5db95825edb8c46be1ee7596de

COCOAPODS: 1.11.3
