PODS:
  - Cash (1.0.0):
    - DesignSystem
    - DI
    - OverlayContainer
    - Service
    - Swinject
    - YZBarChart
    - YZNumPad
  - DesignSystem (1.0.0):
    - OverlayContainer
  - DI (1.0.0):
    - Swinject
  - OverlayContainer (3.5.2)
  - Service (1.0.0)
  - Swinject (2.8.1)
  - TabBar (1.0.0):
    - Cash
    - DesignSystem
    - Swinject
  - YZBarChart (1.2.0)
  - YZNotificationView (1.1.0)
  - YZNumPad (1.1.0)
  - YZPinCodeViewController (1.1.0)

DEPENDENCIES:
  - Cash (from `LocalPods/UserStory/Cash`)
  - DesignSystem (from `LocalPods/DesignSystem`)
  - DI (from `LocalPods/DI`)
  - OverlayContainer
  - Service (from `LocalPods/Service`)
  - Swinject
  - TabBar (from `LocalPods/UserStory/TabBar`)
  - YZBarChart (from `https://github.com/YarZav/YZBarChart.git`, tag `1.2.0`)
  - YZNotificationView (from `https://github.com/YarZav/YZNotificationView.git`, tag `1.1.0`)
  - YZNumPad (from `https://github.com/YarZav/YZNumPad.git`, tag `1.1.0`)
  - YZPinCodeViewController (from `https://github.com/YarZav/YZPinCodeViewController.git`, tag `1.1.0`)

SPEC REPOS:
  trunk:
    - OverlayContainer
    - Swinject

EXTERNAL SOURCES:
  Cash:
    :path: LocalPods/UserStory/Cash
  DesignSystem:
    :path: LocalPods/DesignSystem
  DI:
    :path: LocalPods/DI
  Service:
    :path: LocalPods/Service
  TabBar:
    :path: LocalPods/UserStory/TabBar
  YZBarChart:
    :git: https://github.com/YarZav/YZBarChart.git
    :tag: 1.2.0
  YZNotificationView:
    :git: https://github.com/YarZav/YZNotificationView.git
    :tag: 1.1.0
  YZNumPad:
    :git: https://github.com/YarZav/YZNumPad.git
    :tag: 1.1.0
  YZPinCodeViewController:
    :git: https://github.com/YarZav/YZPinCodeViewController.git
    :tag: 1.1.0

CHECKOUT OPTIONS:
  YZBarChart:
    :git: https://github.com/YarZav/YZBarChart.git
    :tag: 1.2.0
  YZNotificationView:
    :git: https://github.com/YarZav/YZNotificationView.git
    :tag: 1.1.0
  YZNumPad:
    :git: https://github.com/YarZav/YZNumPad.git
    :tag: 1.1.0
  YZPinCodeViewController:
    :git: https://github.com/YarZav/YZPinCodeViewController.git
    :tag: 1.1.0

SPEC CHECKSUMS:
  Cash: ed023f5eaac25fa602b7f9c7b3856dc2e8133bdd
  DesignSystem: d41db51ffe352e7af01d0afc40710c5883954a31
  DI: 8d4558cf222a6b20ad82e6b3374d0e8a2f0dd9ee
  OverlayContainer: 6b2727437ee7d76dc22b00d0275a94c9191f962a
  Service: 290c0a4af7252d5eb4c5ce7e5f168af23ccf20ef
  Swinject: 97112918bd7e0785dc2df7036213f3c8cbba6586
  TabBar: 051c6bb22c749f803130bc2c723f97d5582e6457
  YZBarChart: e69f02d6778dd0dcfb28defb41d418975b2a1e0a
  YZNotificationView: 9a2985a1338641d6f5a60c794dde7d45f3b8090f
  YZNumPad: bfb34718997db4e0c3ef384755013fe4dee37d40
  YZPinCodeViewController: 46cab35c882bf0edb3dfc8b196f9dd9c559e10e6

PODFILE CHECKSUM: affb50ddb6e9319c6b3b01a8ed9d255048865786

COCOAPODS: 1.11.3
