// !$*UTF8*$!
{
	archiveVersion = 1;
	classes = {
	};
	objectVersion = 51;
	objects = {

/* Begin PBXBuildFile section */
		086ACCA23FE64B4CC2804DAE /* BaseNavigationController.swift in Sources */ = {isa = PBXBuildFile; fileRef = C1F6214CD5C65088320835BA /* BaseNavigationController.swift */; };
		0EF340A23ADB3E3BAC35171E /* CashFlowDetailTableCell.swift in Sources */ = {isa = PBXBuildFile; fileRef = 8F0998F78A837C5BC5A1A73E /* CashFlowDetailTableCell.swift */; };
		1B012EF65B7A403E9AC86D92 /* Date+Extension.swift in Sources */ = {isa = PBXBuildFile; fileRef = 40116C7167A4454BA536C809 /* Date+Extension.swift */; };
		1CF61DADCAAD184AF435A7AC /* CashFlowDetailPresenter.swift in Sources */ = {isa = PBXBuildFile; fileRef = 7B70E8AC9989D2FD3780765C /* CashFlowDetailPresenter.swift */; };
		1D60B9D0D35091288A90F229 /* CashFlowDetailProtocols.swift in Sources */ = {isa = PBXBuildFile; fileRef = 4A7F05E06DA7FB6CF0790D0B /* CashFlowDetailProtocols.swift */; };
		24501C8C6DCD5C0C15361CD5 /* HeaderView.swift in Sources */ = {isa = PBXBuildFile; fileRef = 434F20CD0AC7B4F7789F43B9 /* HeaderView.swift */; };
		24A729C3A4407C2B168C3220 /* CashFlowDetailWireFrame.swift in Sources */ = {isa = PBXBuildFile; fileRef = 8C6A2B1B7B69CB17366D4641 /* CashFlowDetailWireFrame.swift */; };
		30D2E8C9E984B802DFAD7655 /* CDCashFlowDetailTableDataSource.swift in Sources */ = {isa = PBXBuildFile; fileRef = AEE883EA27D978403F1DF987 /* CDCashFlowDetailTableDataSource.swift */; };
		3EE7D8E0B93AFFF9D50714E6 /* Local+Extension.swift in Sources */ = {isa = PBXBuildFile; fileRef = 1D676126631049B50ACA2637 /* Local+Extension.swift */; };
		450AA90B049C1A6543E266CD /* UINavigationBar+Extension.swift in Sources */ = {isa = PBXBuildFile; fileRef = 89976ED4E42164DF364BA166 /* UINavigationBar+Extension.swift */; };
		4AA21CACF9EA695D741ED636 /* PeriodsView.swift in Sources */ = {isa = PBXBuildFile; fileRef = 4D6713E3E426605B2C4998E8 /* PeriodsView.swift */; };
		50511271663B78CEE7602E6C /* CashFlowDetailInteractor.swift in Sources */ = {isa = PBXBuildFile; fileRef = 39F2619E3C2E7122A5003557 /* CashFlowDetailInteractor.swift */; };
		506E2104F05CE173CFDB9F64 /* MoneyKeeper.xcdatamodeld in Sources */ = {isa = PBXBuildFile; fileRef = 1DD36C58C136AA72C6AB3794 /* MoneyKeeper.xcdatamodeld */; };
		50B499C62520858C1F3515D9 /* MarginLabel.swift in Sources */ = {isa = PBXBuildFile; fileRef = F5FF373EFD9F3A2AAED85C05 /* MarginLabel.swift */; };
		52021F2B1DC74013878929FF /* GradientView.swift in Sources */ = {isa = PBXBuildFile; fileRef = D344189406A9230D81613305 /* GradientView.swift */; };
		5AA7339086918ECD68A60AD0 /* CashFlowDetailCollectionView.swift in Sources */ = {isa = PBXBuildFile; fileRef = 14E8F9C098DC29AC00EC4921 /* CashFlowDetailCollectionView.swift */; };
		5DD4CD0E74B97C4CDD43CECB /* BaseViewController.swift in Sources */ = {isa = PBXBuildFile; fileRef = C255A3D741550B5B7AF245AE /* BaseViewController.swift */; };
		655CB526BB29529715F88DAB /* BasePresenter.swift in Sources */ = {isa = PBXBuildFile; fileRef = 8DFC32570C298FE4BE73BB44 /* BasePresenter.swift */; };
		6CA4085E634ACEAF9899D275 /* CustomError.swift in Sources */ = {isa = PBXBuildFile; fileRef = 9252620BFB2257BE52965C6B /* CustomError.swift */; };
		760CC4156D3C7C7A8768748A /* CashFlowDetailViewController.swift in Sources */ = {isa = PBXBuildFile; fileRef = 91EF2F3170431599A4FC12F9 /* CashFlowDetailViewController.swift */; };
		80569D2C648715D9CA92D445 /* Assets.xcassets in Resources */ = {isa = PBXBuildFile; fileRef = C793A0F4FD37941BBE3022B3 /* Assets.xcassets */; };
		8932E505D56C8A441398CE41 /* BaseWireFrame.swift in Sources */ = {isa = PBXBuildFile; fileRef = 88B507B2610C5CB887C1517E /* BaseWireFrame.swift */; };
		8C10C6456D57BD0131C17083 /* BaseTableCell.swift in Sources */ = {isa = PBXBuildFile; fileRef = 0AAF5E7686A35FB5964F2D78 /* BaseTableCell.swift */; };
		90F7B259959AF3F6633B752D /* BaseScannerViewConroller.swift in Sources */ = {isa = PBXBuildFile; fileRef = BF97AE24947FC15EC21F29E9 /* BaseScannerViewConroller.swift */; };
		927488EB3B1C929783662BC8 /* Array+Extension.swift in Sources */ = {isa = PBXBuildFile; fileRef = ED45B875F845E761615407E2 /* Array+Extension.swift */; };
		954E05950B9AC1BAB92DF603 /* LaunchScreen.storyboard in Resources */ = {isa = PBXBuildFile; fileRef = E43C4487AC16BBE066223A15 /* LaunchScreen.storyboard */; };
		9AEDA07B92968B8336B5D4BF /* Thread+Extension.swift in Sources */ = {isa = PBXBuildFile; fileRef = 76219FCFF672A25E47706663 /* Thread+Extension.swift */; };
		A65DCA62795CC24FC37DD87D /* CashFlowDetailContentView.swift in Sources */ = {isa = PBXBuildFile; fileRef = B66C7B7C396AAB9EA45A635F /* CashFlowDetailContentView.swift */; };
		B0ADD4EE585769E5367CB051 /* Pods_MoneyKeeper.framework in Frameworks */ = {isa = PBXBuildFile; fileRef = 5C7B4B3925F45C548502C201 /* Pods_MoneyKeeper.framework */; };
		B2F40EBA21A0B4D0BC7D5E2C /* CashFlowDetailTableView.swift in Sources */ = {isa = PBXBuildFile; fileRef = 3B636CBAA4C5A94C110BB373 /* CashFlowDetailTableView.swift */; };
		BC3C90176B679181D097300C /* BaseTabBarController.swift in Sources */ = {isa = PBXBuildFile; fileRef = 75D3583A0EE50044FC1E5F03 /* BaseTabBarController.swift */; };
		BCA65B78EAF754B9EF4AA946 /* Localizable.strings in Resources */ = {isa = PBXBuildFile; fileRef = A04ECE9017797BDA499B1EE8 /* Localizable.strings */; };
		C4E645EF0853C78B3E86D2FD /* CashFlowDetailGraphicView.swift in Sources */ = {isa = PBXBuildFile; fileRef = 364FFE6668C94B61CB07845E /* CashFlowDetailGraphicView.swift */; };
		CD698767BA6D66B972170443 /* LabelView.swift in Sources */ = {isa = PBXBuildFile; fileRef = C8364CF4BBB250EC8E715F8E /* LabelView.swift */; };
		CEAD53AE839C2AD9FF77677D /* AppDelegate.swift in Sources */ = {isa = PBXBuildFile; fileRef = 66105F2CF73DFC1EE056664C /* AppDelegate.swift */; };
		D1C3B65676BC1DD6958C4554 /* CashFlowDetailCell.swift in Sources */ = {isa = PBXBuildFile; fileRef = B9B433721FBBD690AE859CEA /* CashFlowDetailCell.swift */; };
		D235464F090C92AFB720AE25 /* UINavigationController+Extension.swift in Sources */ = {isa = PBXBuildFile; fileRef = CC0173391D7DCDF6CE261FB6 /* UINavigationController+Extension.swift */; };
		D2EFE86C2E9A0A2EE1BE9F88 /* BaseSwitchCell.swift in Sources */ = {isa = PBXBuildFile; fileRef = 48BD3CC19F2A39FD814E43C4 /* BaseSwitchCell.swift */; };
		E4DFF3EF0D9AB9D984FDEDD1 /* UICollectionViewFlowLayout+Extension.swift in Sources */ = {isa = PBXBuildFile; fileRef = B9B60A195BC81FCF6BC5D23A /* UICollectionViewFlowLayout+Extension.swift */; };
/* End PBXBuildFile section */

/* Begin PBXFileReference section */
		06B8CD3A9FFECBE337C28A9F /* ru */ = {isa = PBXFileReference; lastKnownFileType = text.plist.strings; name = ru; path = ru.lproj/Localizable.strings; sourceTree = "<group>"; };
		0AAF5E7686A35FB5964F2D78 /* BaseTableCell.swift */ = {isa = PBXFileReference; lastKnownFileType = sourcecode.swift; path = BaseTableCell.swift; sourceTree = "<group>"; };
		14E8F9C098DC29AC00EC4921 /* CashFlowDetailCollectionView.swift */ = {isa = PBXFileReference; lastKnownFileType = sourcecode.swift; path = CashFlowDetailCollectionView.swift; sourceTree = "<group>"; };
		1D676126631049B50ACA2637 /* Local+Extension.swift */ = {isa = PBXFileReference; lastKnownFileType = sourcecode.swift; path = "Local+Extension.swift"; sourceTree = "<group>"; };
		2A53AB9A7EBFA8D966DC2100 /* MoneyKeeper.app */ = {isa = PBXFileReference; includeInIndex = 0; lastKnownFileType = wrapper.application; path = MoneyKeeper.app; sourceTree = BUILT_PRODUCTS_DIR; };
		364FFE6668C94B61CB07845E /* CashFlowDetailGraphicView.swift */ = {isa = PBXFileReference; lastKnownFileType = sourcecode.swift; path = CashFlowDetailGraphicView.swift; sourceTree = "<group>"; };
		39F2619E3C2E7122A5003557 /* CashFlowDetailInteractor.swift */ = {isa = PBXFileReference; lastKnownFileType = sourcecode.swift; path = CashFlowDetailInteractor.swift; sourceTree = "<group>"; };
		3B636CBAA4C5A94C110BB373 /* CashFlowDetailTableView.swift */ = {isa = PBXFileReference; lastKnownFileType = sourcecode.swift; path = CashFlowDetailTableView.swift; sourceTree = "<group>"; };
		3C93DAF9A5B14F5DB9B45A88 /* MoneyKeeper.xcdatamodel */ = {isa = PBXFileReference; lastKnownFileType = wrapper.xcdatamodel; path = MoneyKeeper.xcdatamodel; sourceTree = "<group>"; };
		40116C7167A4454BA536C809 /* Date+Extension.swift */ = {isa = PBXFileReference; lastKnownFileType = sourcecode.swift; path = "Date+Extension.swift"; sourceTree = "<group>"; };
		434F20CD0AC7B4F7789F43B9 /* HeaderView.swift */ = {isa = PBXFileReference; lastKnownFileType = sourcecode.swift; path = HeaderView.swift; sourceTree = "<group>"; };
		48BD3CC19F2A39FD814E43C4 /* BaseSwitchCell.swift */ = {isa = PBXFileReference; lastKnownFileType = sourcecode.swift; path = BaseSwitchCell.swift; sourceTree = "<group>"; };
		4A7F05E06DA7FB6CF0790D0B /* CashFlowDetailProtocols.swift */ = {isa = PBXFileReference; lastKnownFileType = sourcecode.swift; path = CashFlowDetailProtocols.swift; sourceTree = "<group>"; };
		4D6713E3E426605B2C4998E8 /* PeriodsView.swift */ = {isa = PBXFileReference; lastKnownFileType = sourcecode.swift; path = PeriodsView.swift; sourceTree = "<group>"; };
		5C7B4B3925F45C548502C201 /* Pods_MoneyKeeper.framework */ = {isa = PBXFileReference; explicitFileType = wrapper.framework; includeInIndex = 0; path = Pods_MoneyKeeper.framework; sourceTree = BUILT_PRODUCTS_DIR; };
		66105F2CF73DFC1EE056664C /* AppDelegate.swift */ = {isa = PBXFileReference; lastKnownFileType = sourcecode.swift; path = AppDelegate.swift; sourceTree = "<group>"; };
		687F6C1F80F0399C5D544BC7 /* Pods-MoneyKeeper.debug.xcconfig */ = {isa = PBXFileReference; includeInIndex = 1; lastKnownFileType = text.xcconfig; name = "Pods-MoneyKeeper.debug.xcconfig"; path = "Target Support Files/Pods-MoneyKeeper/Pods-MoneyKeeper.debug.xcconfig"; sourceTree = "<group>"; };
		75D3583A0EE50044FC1E5F03 /* BaseTabBarController.swift */ = {isa = PBXFileReference; lastKnownFileType = sourcecode.swift; path = BaseTabBarController.swift; sourceTree = "<group>"; };
		76219FCFF672A25E47706663 /* Thread+Extension.swift */ = {isa = PBXFileReference; lastKnownFileType = sourcecode.swift; path = "Thread+Extension.swift"; sourceTree = "<group>"; };
		7B70E8AC9989D2FD3780765C /* CashFlowDetailPresenter.swift */ = {isa = PBXFileReference; lastKnownFileType = sourcecode.swift; path = CashFlowDetailPresenter.swift; sourceTree = "<group>"; };
		88B507B2610C5CB887C1517E /* BaseWireFrame.swift */ = {isa = PBXFileReference; lastKnownFileType = sourcecode.swift; path = BaseWireFrame.swift; sourceTree = "<group>"; };
		89976ED4E42164DF364BA166 /* UINavigationBar+Extension.swift */ = {isa = PBXFileReference; lastKnownFileType = sourcecode.swift; path = "UINavigationBar+Extension.swift"; sourceTree = "<group>"; };
		8C6A2B1B7B69CB17366D4641 /* CashFlowDetailWireFrame.swift */ = {isa = PBXFileReference; lastKnownFileType = sourcecode.swift; path = CashFlowDetailWireFrame.swift; sourceTree = "<group>"; };
		8DFC32570C298FE4BE73BB44 /* BasePresenter.swift */ = {isa = PBXFileReference; lastKnownFileType = sourcecode.swift; path = BasePresenter.swift; sourceTree = "<group>"; };
		8F0998F78A837C5BC5A1A73E /* CashFlowDetailTableCell.swift */ = {isa = PBXFileReference; lastKnownFileType = sourcecode.swift; path = CashFlowDetailTableCell.swift; sourceTree = "<group>"; };
		91EF2F3170431599A4FC12F9 /* CashFlowDetailViewController.swift */ = {isa = PBXFileReference; lastKnownFileType = sourcecode.swift; path = CashFlowDetailViewController.swift; sourceTree = "<group>"; };
		9252620BFB2257BE52965C6B /* CustomError.swift */ = {isa = PBXFileReference; lastKnownFileType = sourcecode.swift; path = CustomError.swift; sourceTree = "<group>"; };
		9DA226CBEB4FDC02FA156164 /* en */ = {isa = PBXFileReference; lastKnownFileType = text.plist.strings; name = en; path = en.lproj/Localizable.strings; sourceTree = "<group>"; };
		AEE883EA27D978403F1DF987 /* CDCashFlowDetailTableDataSource.swift */ = {isa = PBXFileReference; lastKnownFileType = sourcecode.swift; path = CDCashFlowDetailTableDataSource.swift; sourceTree = "<group>"; };
		B66C7B7C396AAB9EA45A635F /* CashFlowDetailContentView.swift */ = {isa = PBXFileReference; lastKnownFileType = sourcecode.swift; path = CashFlowDetailContentView.swift; sourceTree = "<group>"; };
		B9B433721FBBD690AE859CEA /* CashFlowDetailCell.swift */ = {isa = PBXFileReference; lastKnownFileType = sourcecode.swift; path = CashFlowDetailCell.swift; sourceTree = "<group>"; };
		B9B60A195BC81FCF6BC5D23A /* UICollectionViewFlowLayout+Extension.swift */ = {isa = PBXFileReference; lastKnownFileType = sourcecode.swift; path = "UICollectionViewFlowLayout+Extension.swift"; sourceTree = "<group>"; };
		B9DAACFDAC4CB34C77F72415 /* Base */ = {isa = PBXFileReference; lastKnownFileType = file.storyboard; name = Base; path = Base.lproj/LaunchScreen.storyboard; sourceTree = "<group>"; };
		BF97AE24947FC15EC21F29E9 /* BaseScannerViewConroller.swift */ = {isa = PBXFileReference; lastKnownFileType = sourcecode.swift; path = BaseScannerViewConroller.swift; sourceTree = "<group>"; };
		C1F6214CD5C65088320835BA /* BaseNavigationController.swift */ = {isa = PBXFileReference; lastKnownFileType = sourcecode.swift; path = BaseNavigationController.swift; sourceTree = "<group>"; };
		C255A3D741550B5B7AF245AE /* BaseViewController.swift */ = {isa = PBXFileReference; lastKnownFileType = sourcecode.swift; path = BaseViewController.swift; sourceTree = "<group>"; };
		C793A0F4FD37941BBE3022B3 /* Assets.xcassets */ = {isa = PBXFileReference; lastKnownFileType = folder.assetcatalog; path = Assets.xcassets; sourceTree = "<group>"; };
		C8364CF4BBB250EC8E715F8E /* LabelView.swift */ = {isa = PBXFileReference; lastKnownFileType = sourcecode.swift; path = LabelView.swift; sourceTree = "<group>"; };
		CC0173391D7DCDF6CE261FB6 /* UINavigationController+Extension.swift */ = {isa = PBXFileReference; lastKnownFileType = sourcecode.swift; path = "UINavigationController+Extension.swift"; sourceTree = "<group>"; };
		CC37252D9C5681506B4C17FB /* ru */ = {isa = PBXFileReference; lastKnownFileType = text.plist.strings; name = ru; path = ru.lproj/LaunchScreen.strings; sourceTree = "<group>"; };
		D344189406A9230D81613305 /* GradientView.swift */ = {isa = PBXFileReference; lastKnownFileType = sourcecode.swift; path = GradientView.swift; sourceTree = "<group>"; };
		DFD073770CAA57522E00AA89 /* Info.plist */ = {isa = PBXFileReference; lastKnownFileType = text.plist; path = Info.plist; sourceTree = "<group>"; };
		E5CFFDB10066A45FA5D6BADF /* Pods-MoneyKeeper.release.xcconfig */ = {isa = PBXFileReference; includeInIndex = 1; lastKnownFileType = text.xcconfig; name = "Pods-MoneyKeeper.release.xcconfig"; path = "Target Support Files/Pods-MoneyKeeper/Pods-MoneyKeeper.release.xcconfig"; sourceTree = "<group>"; };
		ED45B875F845E761615407E2 /* Array+Extension.swift */ = {isa = PBXFileReference; lastKnownFileType = sourcecode.swift; path = "Array+Extension.swift"; sourceTree = "<group>"; };
		F5FF373EFD9F3A2AAED85C05 /* MarginLabel.swift */ = {isa = PBXFileReference; lastKnownFileType = sourcecode.swift; path = MarginLabel.swift; sourceTree = "<group>"; };
/* End PBXFileReference section */

/* Begin PBXFrameworksBuildPhase section */
		6240B83881A8AFA04A24A614 /* Frameworks */ = {
			isa = PBXFrameworksBuildPhase;
			buildActionMask = 2147483647;
			files = (
				B0ADD4EE585769E5367CB051 /* Pods_MoneyKeeper.framework in Frameworks */,
			);
			runOnlyForDeploymentPostprocessing = 0;
		};
/* End PBXFrameworksBuildPhase section */

/* Begin PBXGroup section */
		0484D7EE792E0938E5CD02C4 /* BaseComponents */ = {
			isa = PBXGroup;
			children = (
				3DA2C630058E4C1D1083AC11 /* Cells */,
				8D15EA5B8F4305A08A28EBB7 /* Controllers */,
				7A5CBDF328B2D2757D0D6397 /* Error */,
				DD872BC25212881D70530405 /* ViperComponnents */,
			);
			path = BaseComponents;
			sourceTree = "<group>";
		};
		0549493F907895AF19C60A1E /* SupportingFiles */ = {
			isa = PBXGroup;
			children = (
				C793A0F4FD37941BBE3022B3 /* Assets.xcassets */,
				DFD073770CAA57522E00AA89 /* Info.plist */,
				A04ECE9017797BDA499B1EE8 /* Localizable.strings */,
				0484D7EE792E0938E5CD02C4 /* BaseComponents */,
				CF59C42C99D2987F77DA636D /* Extensions */,
				6839E772C7359667588B2357 /* Storyboards */,
				B58716EEA7385F291F8C3080 /* SubViews */,
			);
			path = SupportingFiles;
			sourceTree = "<group>";
		};
		1F63B9ADFEABD08C906261CC /* Frameworks */ = {
			isa = PBXGroup;
			children = (
				5C7B4B3925F45C548502C201 /* Pods_MoneyKeeper.framework */,
			);
			name = Frameworks;
			sourceTree = "<group>";
		};
		3DA2C630058E4C1D1083AC11 /* Cells */ = {
			isa = PBXGroup;
			children = (
				48BD3CC19F2A39FD814E43C4 /* BaseSwitchCell.swift */,
				0AAF5E7686A35FB5964F2D78 /* BaseTableCell.swift */,
			);
			path = Cells;
			sourceTree = "<group>";
		};
		4958458DC87E5CC88654142F /* Products */ = {
			isa = PBXGroup;
			children = (
				2A53AB9A7EBFA8D966DC2100 /* MoneyKeeper.app */,
			);
			name = Products;
			sourceTree = "<group>";
		};
		57CAB1D82BBE3547F102BDEA /* CollectionView */ = {
			isa = PBXGroup;
			children = (
				B9B433721FBBD690AE859CEA /* CashFlowDetailCell.swift */,
				14E8F9C098DC29AC00EC4921 /* CashFlowDetailCollectionView.swift */,
			);
			path = CollectionView;
			sourceTree = "<group>";
		};
		6839E772C7359667588B2357 /* Storyboards */ = {
			isa = PBXGroup;
			children = (
				E43C4487AC16BBE066223A15 /* LaunchScreen.storyboard */,
			);
			path = Storyboards;
			sourceTree = "<group>";
		};
		73765EBA814E95A8D3FB5BDD /* Common */ = {
			isa = PBXGroup;
			children = (
				B66C7B7C396AAB9EA45A635F /* CashFlowDetailContentView.swift */,
				364FFE6668C94B61CB07845E /* CashFlowDetailGraphicView.swift */,
				4D6713E3E426605B2C4998E8 /* PeriodsView.swift */,
				57CAB1D82BBE3547F102BDEA /* CollectionView */,
				E4B8076832A45398D622E5F1 /* TableView */,
			);
			path = Common;
			sourceTree = "<group>";
		};
		7A5CBDF328B2D2757D0D6397 /* Error */ = {
			isa = PBXGroup;
			children = (
				9252620BFB2257BE52965C6B /* CustomError.swift */,
			);
			path = Error;
			sourceTree = "<group>";
		};
		7E2B4972D29939C6E58A2828 /* MoneyKeeper */ = {
			isa = PBXGroup;
			children = (
				66105F2CF73DFC1EE056664C /* AppDelegate.swift */,
				1DD36C58C136AA72C6AB3794 /* MoneyKeeper.xcdatamodeld */,
				F8948E8C89E57BB39FC87653 /* Modules */,
				0549493F907895AF19C60A1E /* SupportingFiles */,
			);
			path = MoneyKeeper;
			sourceTree = "<group>";
		};
		8472D3936BBDAEBBE07DD2A3 /* Pods */ = {
			isa = PBXGroup;
			children = (
				687F6C1F80F0399C5D544BC7 /* Pods-MoneyKeeper.debug.xcconfig */,
				E5CFFDB10066A45FA5D6BADF /* Pods-MoneyKeeper.release.xcconfig */,
			);
			name = Pods;
			path = Pods;
			sourceTree = "<group>";
		};
		8D15EA5B8F4305A08A28EBB7 /* Controllers */ = {
			isa = PBXGroup;
			children = (
				C1F6214CD5C65088320835BA /* BaseNavigationController.swift */,
				BF97AE24947FC15EC21F29E9 /* BaseScannerViewConroller.swift */,
				75D3583A0EE50044FC1E5F03 /* BaseTabBarController.swift */,
			);
			path = Controllers;
			sourceTree = "<group>";
		};
		9E3C5AF01C02E79FC4902434 /* CashDetail */ = {
			isa = PBXGroup;
			children = (
				39F2619E3C2E7122A5003557 /* CashFlowDetailInteractor.swift */,
				7B70E8AC9989D2FD3780765C /* CashFlowDetailPresenter.swift */,
				4A7F05E06DA7FB6CF0790D0B /* CashFlowDetailProtocols.swift */,
				91EF2F3170431599A4FC12F9 /* CashFlowDetailViewController.swift */,
				8C6A2B1B7B69CB17366D4641 /* CashFlowDetailWireFrame.swift */,
				73765EBA814E95A8D3FB5BDD /* Common */,
			);
			path = CashDetail;
			sourceTree = "<group>";
		};
		B58716EEA7385F291F8C3080 /* SubViews */ = {
			isa = PBXGroup;
			children = (
				D344189406A9230D81613305 /* GradientView.swift */,
				434F20CD0AC7B4F7789F43B9 /* HeaderView.swift */,
				C8364CF4BBB250EC8E715F8E /* LabelView.swift */,
				F5FF373EFD9F3A2AAED85C05 /* MarginLabel.swift */,
			);
			path = SubViews;
			sourceTree = "<group>";
		};
		CF59C42C99D2987F77DA636D /* Extensions */ = {
			isa = PBXGroup;
			children = (
				ED45B875F845E761615407E2 /* Array+Extension.swift */,
				40116C7167A4454BA536C809 /* Date+Extension.swift */,
				1D676126631049B50ACA2637 /* Local+Extension.swift */,
				76219FCFF672A25E47706663 /* Thread+Extension.swift */,
				B9B60A195BC81FCF6BC5D23A /* UICollectionViewFlowLayout+Extension.swift */,
				89976ED4E42164DF364BA166 /* UINavigationBar+Extension.swift */,
				CC0173391D7DCDF6CE261FB6 /* UINavigationController+Extension.swift */,
			);
			path = Extensions;
			sourceTree = "<group>";
		};
		D8E94F95594644B3B74F87F5 = {
			isa = PBXGroup;
			children = (
				7E2B4972D29939C6E58A2828 /* MoneyKeeper */,
				4958458DC87E5CC88654142F /* Products */,
				8472D3936BBDAEBBE07DD2A3 /* Pods */,
				1F63B9ADFEABD08C906261CC /* Frameworks */,
			);
			indentWidth = 2;
			sourceTree = "<group>";
			tabWidth = 2;
		};
		DD872BC25212881D70530405 /* ViperComponnents */ = {
			isa = PBXGroup;
			children = (
				8DFC32570C298FE4BE73BB44 /* BasePresenter.swift */,
				C255A3D741550B5B7AF245AE /* BaseViewController.swift */,
				88B507B2610C5CB887C1517E /* BaseWireFrame.swift */,
			);
			path = ViperComponnents;
			sourceTree = "<group>";
		};
		E4B8076832A45398D622E5F1 /* TableView */ = {
			isa = PBXGroup;
			children = (
				8F0998F78A837C5BC5A1A73E /* CashFlowDetailTableCell.swift */,
				3B636CBAA4C5A94C110BB373 /* CashFlowDetailTableView.swift */,
				AEE883EA27D978403F1DF987 /* CDCashFlowDetailTableDataSource.swift */,
			);
			path = TableView;
			sourceTree = "<group>";
		};
		F8948E8C89E57BB39FC87653 /* Modules */ = {
			isa = PBXGroup;
			children = (
				9E3C5AF01C02E79FC4902434 /* CashDetail */,
			);
			path = Modules;
			sourceTree = "<group>";
		};
/* End PBXGroup section */

/* Begin PBXNativeTarget section */
		BD84BF687250F0DD73A90706 /* MoneyKeeper */ = {
			isa = PBXNativeTarget;
			buildConfigurationList = 1DE9C6778DDF8AAA3F70D65E /* Build configuration list for PBXNativeTarget "MoneyKeeper" */;
			buildPhases = (
				3E4B9CBEB5C8DBE3F2D89091 /* [CP] Check Pods Manifest.lock */,
				4C5B87BD958F3FFFFCA33CC6 /* Sources */,
				9B2738B84C86E20EC4288291 /* Resources */,
				6240B83881A8AFA04A24A614 /* Frameworks */,
				E19288C11E185CD9A1909E08 /* [CP] Embed Pods Frameworks */,
			);
			buildRules = (
			);
			dependencies = (
			);
			name = MoneyKeeper;
			productName = MoneyKeeper;
			productReference = 2A53AB9A7EBFA8D966DC2100 /* MoneyKeeper.app */;
			productType = "com.apple.product-type.application";
		};
/* End PBXNativeTarget section */

/* Begin PBXProject section */
		08970728A365F9FE6485E73E /* Project object */ = {
			isa = PBXProject;
			attributes = {
				LastUpgradeCheck = 1200;
				TargetAttributes = {
					BD84BF687250F0DD73A90706 = {
						DevelopmentTeam = A758ZQ3GMW;
						ProvisioningStyle = Automatic;
					};
				};
			};
			buildConfigurationList = B748FEF42DBC093AEC97FB7C /* Build configuration list for PBXProject "MoneyKeeper" */;
			compatibilityVersion = "Xcode 11.0";
			developmentRegion = en;
			hasScannedForEncodings = 0;
			knownRegions = (
				Base,
				en,
				ru,
			);
			mainGroup = D8E94F95594644B3B74F87F5;
			productRefGroup = 4958458DC87E5CC88654142F /* Products */;
			projectDirPath = "";
			projectRoot = "";
			targets = (
				BD84BF687250F0DD73A90706 /* MoneyKeeper */,
			);
		};
/* End PBXProject section */

/* Begin PBXResourcesBuildPhase section */
		9B2738B84C86E20EC4288291 /* Resources */ = {
			isa = PBXResourcesBuildPhase;
			buildActionMask = 2147483647;
			files = (
				80569D2C648715D9CA92D445 /* Assets.xcassets in Resources */,
				954E05950B9AC1BAB92DF603 /* LaunchScreen.storyboard in Resources */,
				BCA65B78EAF754B9EF4AA946 /* Localizable.strings in Resources */,
			);
			runOnlyForDeploymentPostprocessing = 0;
		};
/* End PBXResourcesBuildPhase section */

/* Begin PBXShellScriptBuildPhase section */
		3E4B9CBEB5C8DBE3F2D89091 /* [CP] Check Pods Manifest.lock */ = {
			isa = PBXShellScriptBuildPhase;
			buildActionMask = 2147483647;
			files = (
			);
			inputFileListPaths = (
			);
			inputPaths = (
				"${PODS_PODFILE_DIR_PATH}/Podfile.lock",
				"${PODS_ROOT}/Manifest.lock",
			);
			name = "[CP] Check Pods Manifest.lock";
			outputFileListPaths = (
			);
			outputPaths = (
				"$(DERIVED_FILE_DIR)/Pods-MoneyKeeper-checkManifestLockResult.txt",
			);
			runOnlyForDeploymentPostprocessing = 0;
			shellPath = /bin/sh;
			shellScript = "diff \"${PODS_PODFILE_DIR_PATH}/Podfile.lock\" \"${PODS_ROOT}/Manifest.lock\" > /dev/null\nif [ $? != 0 ] ; then\n    # print error to STDERR\n    echo \"error: The sandbox is not in sync with the Podfile.lock. Run 'pod install' or update your CocoaPods installation.\" >&2\n    exit 1\nfi\n# This output is used by Xcode 'outputs' to avoid re-running this script phase.\necho \"SUCCESS\" > \"${SCRIPT_OUTPUT_FILE_0}\"\n";
			showEnvVarsInLog = 0;
		};
		E19288C11E185CD9A1909E08 /* [CP] Embed Pods Frameworks */ = {
			isa = PBXShellScriptBuildPhase;
			buildActionMask = 2147483647;
			files = (
			);
			inputFileListPaths = (
				"${PODS_ROOT}/Target Support Files/Pods-MoneyKeeper/Pods-MoneyKeeper-frameworks-${CONFIGURATION}-input-files.xcfilelist",
			);
			name = "[CP] Embed Pods Frameworks";
			outputFileListPaths = (
				"${PODS_ROOT}/Target Support Files/Pods-MoneyKeeper/Pods-MoneyKeeper-frameworks-${CONFIGURATION}-output-files.xcfilelist",
			);
			runOnlyForDeploymentPostprocessing = 0;
			shellPath = /bin/sh;
			shellScript = "\"${PODS_ROOT}/Target Support Files/Pods-MoneyKeeper/Pods-MoneyKeeper-frameworks.sh\"\n";
			showEnvVarsInLog = 0;
		};
/* End PBXShellScriptBuildPhase section */

/* Begin PBXSourcesBuildPhase section */
		4C5B87BD958F3FFFFCA33CC6 /* Sources */ = {
			isa = PBXSourcesBuildPhase;
			buildActionMask = 2147483647;
			files = (
				CEAD53AE839C2AD9FF77677D /* AppDelegate.swift in Sources */,
				927488EB3B1C929783662BC8 /* Array+Extension.swift in Sources */,
				086ACCA23FE64B4CC2804DAE /* BaseNavigationController.swift in Sources */,
				655CB526BB29529715F88DAB /* BasePresenter.swift in Sources */,
				90F7B259959AF3F6633B752D /* BaseScannerViewConroller.swift in Sources */,
				D2EFE86C2E9A0A2EE1BE9F88 /* BaseSwitchCell.swift in Sources */,
				BC3C90176B679181D097300C /* BaseTabBarController.swift in Sources */,
				8C10C6456D57BD0131C17083 /* BaseTableCell.swift in Sources */,
				5DD4CD0E74B97C4CDD43CECB /* BaseViewController.swift in Sources */,
				8932E505D56C8A441398CE41 /* BaseWireFrame.swift in Sources */,
				30D2E8C9E984B802DFAD7655 /* CDCashFlowDetailTableDataSource.swift in Sources */,
				D1C3B65676BC1DD6958C4554 /* CashFlowDetailCell.swift in Sources */,
				5AA7339086918ECD68A60AD0 /* CashFlowDetailCollectionView.swift in Sources */,
				A65DCA62795CC24FC37DD87D /* CashFlowDetailContentView.swift in Sources */,
				C4E645EF0853C78B3E86D2FD /* CashFlowDetailGraphicView.swift in Sources */,
				50511271663B78CEE7602E6C /* CashFlowDetailInteractor.swift in Sources */,
				1CF61DADCAAD184AF435A7AC /* CashFlowDetailPresenter.swift in Sources */,
				1D60B9D0D35091288A90F229 /* CashFlowDetailProtocols.swift in Sources */,
				0EF340A23ADB3E3BAC35171E /* CashFlowDetailTableCell.swift in Sources */,
				B2F40EBA21A0B4D0BC7D5E2C /* CashFlowDetailTableView.swift in Sources */,
				760CC4156D3C7C7A8768748A /* CashFlowDetailViewController.swift in Sources */,
				24A729C3A4407C2B168C3220 /* CashFlowDetailWireFrame.swift in Sources */,
				6CA4085E634ACEAF9899D275 /* CustomError.swift in Sources */,
				1B012EF65B7A403E9AC86D92 /* Date+Extension.swift in Sources */,
				52021F2B1DC74013878929FF /* GradientView.swift in Sources */,
				24501C8C6DCD5C0C15361CD5 /* HeaderView.swift in Sources */,
				CD698767BA6D66B972170443 /* LabelView.swift in Sources */,
				3EE7D8E0B93AFFF9D50714E6 /* Local+Extension.swift in Sources */,
				50B499C62520858C1F3515D9 /* MarginLabel.swift in Sources */,
				506E2104F05CE173CFDB9F64 /* MoneyKeeper.xcdatamodeld in Sources */,
				4AA21CACF9EA695D741ED636 /* PeriodsView.swift in Sources */,
				9AEDA07B92968B8336B5D4BF /* Thread+Extension.swift in Sources */,
				E4DFF3EF0D9AB9D984FDEDD1 /* UICollectionViewFlowLayout+Extension.swift in Sources */,
				450AA90B049C1A6543E266CD /* UINavigationBar+Extension.swift in Sources */,
				D235464F090C92AFB720AE25 /* UINavigationController+Extension.swift in Sources */,
			);
			runOnlyForDeploymentPostprocessing = 0;
		};
/* End PBXSourcesBuildPhase section */

/* Begin PBXVariantGroup section */
		A04ECE9017797BDA499B1EE8 /* Localizable.strings */ = {
			isa = PBXVariantGroup;
			children = (
				9DA226CBEB4FDC02FA156164 /* en */,
				06B8CD3A9FFECBE337C28A9F /* ru */,
			);
			name = Localizable.strings;
			sourceTree = "<group>";
		};
		E43C4487AC16BBE066223A15 /* LaunchScreen.storyboard */ = {
			isa = PBXVariantGroup;
			children = (
				B9DAACFDAC4CB34C77F72415 /* Base */,
				CC37252D9C5681506B4C17FB /* ru */,
			);
			name = LaunchScreen.storyboard;
			sourceTree = "<group>";
		};
/* End PBXVariantGroup section */

/* Begin XCBuildConfiguration section */
		27BDC9E772AEE0C7FD161122 /* Release */ = {
			isa = XCBuildConfiguration;
			buildSettings = {
				ALWAYS_SEARCH_USER_PATHS = NO;
				CLANG_ANALYZER_LOCALIZABILITY_NONLOCALIZED = YES;
				CLANG_ANALYZER_NONNULL = YES;
				CLANG_ANALYZER_NUMBER_OBJECT_CONVERSION = YES_AGGRESSIVE;
				CLANG_CXX_LANGUAGE_STANDARD = "gnu++14";
				CLANG_CXX_LIBRARY = "libc++";
				CLANG_ENABLE_MODULES = YES;
				CLANG_ENABLE_OBJC_ARC = YES;
				CLANG_ENABLE_OBJC_WEAK = YES;
				CLANG_WARN_BLOCK_CAPTURE_AUTORELEASING = YES;
				CLANG_WARN_BOOL_CONVERSION = YES;
				CLANG_WARN_COMMA = YES;
				CLANG_WARN_CONSTANT_CONVERSION = YES;
				CLANG_WARN_DEPRECATED_OBJC_IMPLEMENTATIONS = YES;
				CLANG_WARN_DIRECT_OBJC_ISA_USAGE = YES_ERROR;
				CLANG_WARN_DOCUMENTATION_COMMENTS = YES;
				CLANG_WARN_EMPTY_BODY = YES;
				CLANG_WARN_ENUM_CONVERSION = YES;
				CLANG_WARN_INFINITE_RECURSION = YES;
				CLANG_WARN_INT_CONVERSION = YES;
				CLANG_WARN_NON_LITERAL_NULL_CONVERSION = YES;
				CLANG_WARN_OBJC_IMPLICIT_RETAIN_SELF = YES;
				CLANG_WARN_OBJC_LITERAL_CONVERSION = YES;
				CLANG_WARN_OBJC_ROOT_CLASS = YES_ERROR;
				CLANG_WARN_QUOTED_INCLUDE_IN_FRAMEWORK_HEADER = YES;
				CLANG_WARN_RANGE_LOOP_ANALYSIS = YES;
				CLANG_WARN_STRICT_PROTOTYPES = YES;
				CLANG_WARN_SUSPICIOUS_MOVE = YES;
				CLANG_WARN_UNGUARDED_AVAILABILITY = YES_AGGRESSIVE;
				CLANG_WARN_UNREACHABLE_CODE = YES;
				CLANG_WARN__DUPLICATE_METHOD_MATCH = YES;
				CODE_SIGN_IDENTITY = "iPhone Developer";
				CODE_SIGN_STYLE = Automatic;
				COPY_PHASE_STRIP = NO;
				CURRENT_PROJECT_VERSION = 1;
				DEBUG_INFORMATION_FORMAT = "dwarf-with-dsym";
				DEVELOPMENT_TEAM = A758ZQ3GMW;
				ENABLE_BITCODE = YES;
				ENABLE_NS_ASSERTIONS = NO;
				ENABLE_STRICT_OBJC_MSGSEND = YES;
				ENABLE_TESTABILITY = YES;
				GCC_C_LANGUAGE_STANDARD = gnu11;
				GCC_NO_COMMON_BLOCKS = YES;
				GCC_WARN_64_TO_32_BIT_CONVERSION = YES;
				GCC_WARN_ABOUT_RETURN_TYPE = YES_ERROR;
				GCC_WARN_UNDECLARED_SELECTOR = YES;
				GCC_WARN_UNINITIALIZED_AUTOS = YES_AGGRESSIVE;
				GCC_WARN_UNUSED_FUNCTION = YES;
				GCC_WARN_UNUSED_VARIABLE = YES;
				MTL_ENABLE_DEBUG_INFO = NO;
				MTL_FAST_MATH = YES;
				PRODUCT_NAME = "$(TARGET_NAME)";
				SDKROOT = iphoneos;
				SWIFT_COMPILATION_MODE = wholemodule;
				SWIFT_OPTIMIZATION_LEVEL = "-O";
				SWIFT_VERSION = 5.0;
			};
			name = Release;
		};
		940A213C98024224BA5BB889 /* Debug */ = {
			isa = XCBuildConfiguration;
			buildSettings = {
				ALWAYS_SEARCH_USER_PATHS = NO;
				CLANG_ANALYZER_LOCALIZABILITY_NONLOCALIZED = YES;
				CLANG_ANALYZER_NONNULL = YES;
				CLANG_ANALYZER_NUMBER_OBJECT_CONVERSION = YES_AGGRESSIVE;
				CLANG_CXX_LANGUAGE_STANDARD = "gnu++14";
				CLANG_CXX_LIBRARY = "libc++";
				CLANG_ENABLE_MODULES = YES;
				CLANG_ENABLE_OBJC_ARC = YES;
				CLANG_ENABLE_OBJC_WEAK = YES;
				CLANG_WARN_BLOCK_CAPTURE_AUTORELEASING = YES;
				CLANG_WARN_BOOL_CONVERSION = YES;
				CLANG_WARN_COMMA = YES;
				CLANG_WARN_CONSTANT_CONVERSION = YES;
				CLANG_WARN_DEPRECATED_OBJC_IMPLEMENTATIONS = YES;
				CLANG_WARN_DIRECT_OBJC_ISA_USAGE = YES_ERROR;
				CLANG_WARN_DOCUMENTATION_COMMENTS = YES;
				CLANG_WARN_EMPTY_BODY = YES;
				CLANG_WARN_ENUM_CONVERSION = YES;
				CLANG_WARN_INFINITE_RECURSION = YES;
				CLANG_WARN_INT_CONVERSION = YES;
				CLANG_WARN_NON_LITERAL_NULL_CONVERSION = YES;
				CLANG_WARN_OBJC_IMPLICIT_RETAIN_SELF = YES;
				CLANG_WARN_OBJC_LITERAL_CONVERSION = YES;
				CLANG_WARN_OBJC_ROOT_CLASS = YES_ERROR;
				CLANG_WARN_QUOTED_INCLUDE_IN_FRAMEWORK_HEADER = YES;
				CLANG_WARN_RANGE_LOOP_ANALYSIS = YES;
				CLANG_WARN_STRICT_PROTOTYPES = YES;
				CLANG_WARN_SUSPICIOUS_MOVE = YES;
				CLANG_WARN_UNGUARDED_AVAILABILITY = YES_AGGRESSIVE;
				CLANG_WARN_UNREACHABLE_CODE = YES;
				CLANG_WARN__DUPLICATE_METHOD_MATCH = YES;
				CODE_SIGN_IDENTITY = "iPhone Developer";
				CODE_SIGN_STYLE = Automatic;
				COPY_PHASE_STRIP = NO;
				CURRENT_PROJECT_VERSION = 1;
				DEBUG_INFORMATION_FORMAT = dwarf;
				DEVELOPMENT_TEAM = A758ZQ3GMW;
				ENABLE_BITCODE = YES;
				ENABLE_STRICT_OBJC_MSGSEND = YES;
				ENABLE_TESTABILITY = YES;
				GCC_C_LANGUAGE_STANDARD = gnu11;
				GCC_DYNAMIC_NO_PIC = NO;
				GCC_NO_COMMON_BLOCKS = YES;
				GCC_OPTIMIZATION_LEVEL = 0;
				GCC_PREPROCESSOR_DEFINITIONS = (
					"$(inherited)",
					"DEBUG=1",
				);
				GCC_WARN_64_TO_32_BIT_CONVERSION = YES;
				GCC_WARN_ABOUT_RETURN_TYPE = YES_ERROR;
				GCC_WARN_UNDECLARED_SELECTOR = YES;
				GCC_WARN_UNINITIALIZED_AUTOS = YES_AGGRESSIVE;
				GCC_WARN_UNUSED_FUNCTION = YES;
				GCC_WARN_UNUSED_VARIABLE = YES;
				MTL_ENABLE_DEBUG_INFO = INCLUDE_SOURCE;
				MTL_FAST_MATH = YES;
				ONLY_ACTIVE_ARCH = YES;
				PRODUCT_NAME = "$(TARGET_NAME)";
				SDKROOT = iphoneos;
				SWIFT_ACTIVE_COMPILATION_CONDITIONS = DEBUG;
				SWIFT_OPTIMIZATION_LEVEL = "-Onone";
				SWIFT_VERSION = 5.0;
			};
			name = Debug;
		};
		9C1091540E647B0955BEEE41 /* Release */ = {
			isa = XCBuildConfiguration;
			baseConfigurationReference = E5CFFDB10066A45FA5D6BADF /* Pods-MoneyKeeper.release.xcconfig */;
			buildSettings = {
				ASSETCATALOG_COMPILER_APPICON_NAME = AppIcon;
				CODE_SIGN_IDENTITY = "iPhone Developer";
				DEBUG_INFORMATION_FORMAT = "dwarf-with-dsym";
				GCC_TREAT_WARNINGS_AS_ERRORS = YES;
				INFOPLIST_FILE = MoneyKeeper/SupportingFiles/Info.plist;
				IPHONEOS_DEPLOYMENT_TARGET = 13.0;
				LD_RUNPATH_SEARCH_PATHS = (
					"$(inherited)",
					"@executable_path/Frameworks",
				);
				PRODUCT_BUNDLE_IDENTIFIER = ru.ZYG.MoneyKeeperApp;
				SDKROOT = iphoneos;
				TARGETED_DEVICE_FAMILY = 1;
			};
			name = Release;
		};
		C4215AB47D36032DC1B11D86 /* Debug */ = {
			isa = XCBuildConfiguration;
			baseConfigurationReference = 687F6C1F80F0399C5D544BC7 /* Pods-MoneyKeeper.debug.xcconfig */;
			buildSettings = {
				ASSETCATALOG_COMPILER_APPICON_NAME = AppIcon;
				CODE_SIGN_IDENTITY = "iPhone Developer";
				DEBUG_INFORMATION_FORMAT = "dwarf-with-dsym";
				GCC_TREAT_WARNINGS_AS_ERRORS = YES;
				INFOPLIST_FILE = MoneyKeeper/SupportingFiles/Info.plist;
				IPHONEOS_DEPLOYMENT_TARGET = 13.0;
				LD_RUNPATH_SEARCH_PATHS = (
					"$(inherited)",
					"@executable_path/Frameworks",
				);
				PRODUCT_BUNDLE_IDENTIFIER = ru.ZYG.MoneyKeeperApp;
				SDKROOT = iphoneos;
				TARGETED_DEVICE_FAMILY = 1;
			};
			name = Debug;
		};
/* End XCBuildConfiguration section */

/* Begin XCConfigurationList section */
		1DE9C6778DDF8AAA3F70D65E /* Build configuration list for PBXNativeTarget "MoneyKeeper" */ = {
			isa = XCConfigurationList;
			buildConfigurations = (
				C4215AB47D36032DC1B11D86 /* Debug */,
				9C1091540E647B0955BEEE41 /* Release */,
			);
			defaultConfigurationIsVisible = 0;
			defaultConfigurationName = Debug;
		};
		B748FEF42DBC093AEC97FB7C /* Build configuration list for PBXProject "MoneyKeeper" */ = {
			isa = XCConfigurationList;
			buildConfigurations = (
				940A213C98024224BA5BB889 /* Debug */,
				27BDC9E772AEE0C7FD161122 /* Release */,
			);
			defaultConfigurationIsVisible = 0;
			defaultConfigurationName = Debug;
		};
/* End XCConfigurationList section */

/* Begin XCVersionGroup section */
		1DD36C58C136AA72C6AB3794 /* MoneyKeeper.xcdatamodeld */ = {
			isa = XCVersionGroup;
			children = (
				3C93DAF9A5B14F5DB9B45A88 /* MoneyKeeper.xcdatamodel */,
			);
			currentVersion = 3C93DAF9A5B14F5DB9B45A88 /* MoneyKeeper.xcdatamodel */;
			path = MoneyKeeper.xcdatamodeld;
			sourceTree = "<group>";
			versionGroupType = wrapper.xcdatamodel;
		};
/* End XCVersionGroup section */
	};
	rootObject = 08970728A365F9FE6485E73E /* Project object */;
}
